
Microsoft Visual Studio Solution File, Format Version 12.00
# Visual Studio Version 17
VisualStudioVersion = 17.11.35222.181
MinimumVisualStudioVersion = 10.0.40219.1
Project("{FAE04EC0-301F-11D3-BF4B-00C04F79EFBC}") = "MyFirstApp", "MyFirstApp\MyFirstApp.csproj", "{476FEA4F-7A8F-4178-A22F-390144F192DC}"
EndProject
Global
	GlobalSection(SolutionConfigurationPlatforms) = preSolution
		Debug|Any CPU = Debug|Any CPU
		Release|Any CPU = Release|Any CPU
	EndGlobalSection
	GlobalSection(ProjectConfigurationPlatforms) = postSolution
		{476FEA4F-7A8F-4178-A22F-390144F192DC}.Debug|Any CPU.ActiveCfg = Debug|Any CPU
		{476FEA4F-7A8F-4178-A22F-390144F192DC}.Debug|Any CPU.Build.0 = Debug|Any CPU
		{476FEA4F-7A8F-4178-A22F-390144F192DC}.Release|Any CPU.ActiveCfg = Release|Any CPU
		{476FEA4F-7A8F-4178-A22F-390144F192DC}.Release|Any CPU.Build.0 = Release|Any CPU
	EndGlobalSection
	GlobalSection(SolutionProperties) = preSolution
		HideSolutionNode = FALSE
	EndGlobalSection
	GlobalSection(ExtensibilityGlobals) = postSolution
		SolutionGuid = {05C97F1E-58D7-4378-9254-9B546AA7B11B}
	EndGlobalSection
EndGlobal
